
Microsoft Visual Studio Solution File, Format Version 12.00
# Visual Studio Version 17
VisualStudioVersion = 17.13.35825.156 d17.13
MinimumVisualStudioVersion = 10.0.40219.1
Project("{FAE04EC0-301F-11D3-BF4B-00C04F79EFBC}") = "Regsiter_Login_SOproject", "Regsiter_Login_SOproject\Regsiter_Login_SOproject.csproj", "{27D658F2-CEE4-4676-BFE9-88E8390C8B90}"
EndProject
Global
	GlobalSection(SolutionConfigurationPlatforms) = preSolution
		Debug|Any CPU = Debug|Any CPU
		Release|Any CPU = Release|Any CPU
	EndGlobalSection
	GlobalSection(ProjectConfigurationPlatforms) = postSolution
		{27D658F2-CEE4-4676-BFE9-88E8390C8B90}.Debug|Any CPU.ActiveCfg = Debug|Any CPU
		{27D658F2-CEE4-4676-BFE9-88E8390C8B90}.Debug|Any CPU.Build.0 = Debug|Any CPU
		{27D658F2-CEE4-4676-BFE9-88E8390C8B90}.Release|Any CPU.ActiveCfg = Release|Any CPU
		{27D658F2-CEE4-4676-BFE9-88E8390C8B90}.Release|Any CPU.Build.0 = Release|Any CPU
	EndGlobalSection
	GlobalSection(SolutionProperties) = preSolution
		HideSolutionNode = FALSE
	EndGlobalSection
	GlobalSection(ExtensibilityGlobals) = postSolution
		SolutionGuid = {98CEFAFB-12D0-456E-A2C5-39ED2C40C71A}
	EndGlobalSection
EndGlobal
